// !$*UTF8*$!
{
	archiveVersion = 1;
	classes = {
	};
	objectVersion = 46;
	objects = {

/* Begin PBXBuildFile section */
		A508C1591D28C0F100AAF1A5 /* KLCPopupView.m in Sources */ = {isa = PBXBuildFile; fileRef = A508C1581D28C0F100AAF1A5 /* KLCPopupView.m */; };
		A55DD19A1B68041C00BD9624 /* OpenShare+QQ.m in Sources */ = {isa = PBXBuildFile; fileRef = A55DD1841B68041C00BD9624 /* OpenShare+QQ.m */; };
		A55DD19E1B68041C00BD9624 /* OpenShare.m in Sources */ = {isa = PBXBuildFile; fileRef = A55DD18C1B68041C00BD9624 /* OpenShare.m */; };
		A55DD19F1B68041C00BD9624 /* KXShareBaseActivity.m in Sources */ = {isa = PBXBuildFile; fileRef = A55DD1901B68041C00BD9624 /* KXShareBaseActivity.m */; };
		A55DD1A01B68041C00BD9624 /* KXShareView.m in Sources */ = {isa = PBXBuildFile; fileRef = A55DD1921B68041C00BD9624 /* KXShareView.m */; };
		A55DD1A11B68041C00BD9624 /* KXShareView.xib in Resources */ = {isa = PBXBuildFile; fileRef = A55DD1931B68041C00BD9624 /* KXShareView.xib */; };
		A55DD1A21B68041C00BD9624 /* KXShareViewCell.m in Sources */ = {isa = PBXBuildFile; fileRef = A55DD1951B68041C00BD9624 /* KXShareViewCell.m */; };
		A55DD1A31B68041C00BD9624 /* KXShareViewCell.xib in Resources */ = {isa = PBXBuildFile; fileRef = A55DD1961B68041C00BD9624 /* KXShareViewCell.xib */; };
		A55DD1A41B68041C00BD9624 /* KXShareViewFlowLayout.m in Sources */ = {isa = PBXBuildFile; fileRef = A55DD1981B68041C00BD9624 /* KXShareViewFlowLayout.m */; };
		A55DD1AD1B6807A800BD9624 /* OpenShare+Alipay.m in Sources */ = {isa = PBXBuildFile; fileRef = A55DD1A61B6807A800BD9624 /* OpenShare+Alipay.m */; };
		A55DD1AE1B6807A800BD9624 /* OpenShare+Renren.m in Sources */ = {isa = PBXBuildFile; fileRef = A55DD1A81B6807A800BD9624 /* OpenShare+Renren.m */; };
		A55DD1AF1B6807A800BD9624 /* OpenShare+Weibo.m in Sources */ = {isa = PBXBuildFile; fileRef = A55DD1AA1B6807A800BD9624 /* OpenShare+Weibo.m */; };
		A55DD1B01B6807A800BD9624 /* OpenShare+Weixin.m in Sources */ = {isa = PBXBuildFile; fileRef = A55DD1AC1B6807A800BD9624 /* OpenShare+Weixin.m */; };
		A56477E51B660DBF00AFE818 /* main.m in Sources */ = {isa = PBXBuildFile; fileRef = A56477E41B660DBF00AFE818 /* main.m */; };
		A56477E81B660DBF00AFE818 /* AppDelegate.m in Sources */ = {isa = PBXBuildFile; fileRef = A56477E71B660DBF00AFE818 /* AppDelegate.m */; };
		A56477EB1B660DBF00AFE818 /* ViewController.m in Sources */ = {isa = PBXBuildFile; fileRef = A56477EA1B660DBF00AFE818 /* ViewController.m */; };
		A56477EE1B660DBF00AFE818 /* Main.storyboard in Resources */ = {isa = PBXBuildFile; fileRef = A56477EC1B660DBF00AFE818 /* Main.storyboard */; };
		A56477F01B660DBF00AFE818 /* Images.xcassets in Resources */ = {isa = PBXBuildFile; fileRef = A56477EF1B660DBF00AFE818 /* Images.xcassets */; };
		A56477F31B660DBF00AFE818 /* LaunchScreen.xib in Resources */ = {isa = PBXBuildFile; fileRef = A56477F11B660DBF00AFE818 /* LaunchScreen.xib */; };
/* End PBXBuildFile section */

/* Begin PBXFileReference section */
		A508C1571D28C0F100AAF1A5 /* KLCPopupView.h */ = {isa = PBXFileReference; fileEncoding = 4; lastKnownFileType = sourcecode.c.h; path = KLCPopupView.h; sourceTree = "<group>"; };
		A508C1581D28C0F100AAF1A5 /* KLCPopupView.m */ = {isa = PBXFileReference; fileEncoding = 4; lastKnownFileType = sourcecode.c.objc; path = KLCPopupView.m; sourceTree = "<group>"; };
		A508C15A1D29005C00AAF1A5 /* KXShareViewHeader.h */ = {isa = PBXFileReference; fileEncoding = 4; lastKnownFileType = sourcecode.c.h; path = KXShareViewHeader.h; sourceTree = "<group>"; };
		A55DD1831B68041C00BD9624 /* OpenShare+QQ.h */ = {isa = PBXFileReference; fileEncoding = 4; lastKnownFileType = sourcecode.c.h; path = "OpenShare+QQ.h"; sourceTree = "<group>"; };
		A55DD1841B68041C00BD9624 /* OpenShare+QQ.m */ = {isa = PBXFileReference; fileEncoding = 4; lastKnownFileType = sourcecode.c.objc; path = "OpenShare+QQ.m"; sourceTree = "<group>"; };
		A55DD18B1B68041C00BD9624 /* OpenShare.h */ = {isa = PBXFileReference; fileEncoding = 4; lastKnownFileType = sourcecode.c.h; path = OpenShare.h; sourceTree = "<group>"; };
		A55DD18C1B68041C00BD9624 /* OpenShare.m */ = {isa = PBXFileReference; fileEncoding = 4; lastKnownFileType = sourcecode.c.objc; path = OpenShare.m; sourceTree = "<group>"; };
		A55DD18D1B68041C00BD9624 /* OpenShareHeader.h */ = {isa = PBXFileReference; fileEncoding = 4; lastKnownFileType = sourcecode.c.h; path = OpenShareHeader.h; sourceTree = "<group>"; };
		A55DD18F1B68041C00BD9624 /* KXShareBaseActivity.h */ = {isa = PBXFileReference; fileEncoding = 4; lastKnownFileType = sourcecode.c.h; path = KXShareBaseActivity.h; sourceTree = "<group>"; };
		A55DD1901B68041C00BD9624 /* KXShareBaseActivity.m */ = {isa = PBXFileReference; fileEncoding = 4; lastKnownFileType = sourcecode.c.objc; path = KXShareBaseActivity.m; sourceTree = "<group>"; };
		A55DD1911B68041C00BD9624 /* KXShareView.h */ = {isa = PBXFileReference; fileEncoding = 4; lastKnownFileType = sourcecode.c.h; path = KXShareView.h; sourceTree = "<group>"; };
		A55DD1921B68041C00BD9624 /* KXShareView.m */ = {isa = PBXFileReference; fileEncoding = 4; lastKnownFileType = sourcecode.c.objc; path = KXShareView.m; sourceTree = "<group>"; };
		A55DD1931B68041C00BD9624 /* KXShareView.xib */ = {isa = PBXFileReference; fileEncoding = 4; lastKnownFileType = file.xib; path = KXShareView.xib; sourceTree = "<group>"; };
		A55DD1941B68041C00BD9624 /* KXShareViewCell.h */ = {isa = PBXFileReference; fileEncoding = 4; lastKnownFileType = sourcecode.c.h; path = KXShareViewCell.h; sourceTree = "<group>"; };
		A55DD1951B68041C00BD9624 /* KXShareViewCell.m */ = {isa = PBXFileReference; fileEncoding = 4; lastKnownFileType = sourcecode.c.objc; path = KXShareViewCell.m; sourceTree = "<group>"; };
		A55DD1961B68041C00BD9624 /* KXShareViewCell.xib */ = {isa = PBXFileReference; fileEncoding = 4; lastKnownFileType = file.xib; path = KXShareViewCell.xib; sourceTree = "<group>"; };
		A55DD1971B68041C00BD9624 /* KXShareViewFlowLayout.h */ = {isa = PBXFileReference; fileEncoding = 4; lastKnownFileType = sourcecode.c.h; path = KXShareViewFlowLayout.h; sourceTree = "<group>"; };
		A55DD1981B68041C00BD9624 /* KXShareViewFlowLayout.m */ = {isa = PBXFileReference; fileEncoding = 4; lastKnownFileType = sourcecode.c.objc; path = KXShareViewFlowLayout.m; sourceTree = "<group>"; };
		A55DD1A51B6807A800BD9624 /* OpenShare+Alipay.h */ = {isa = PBXFileReference; fileEncoding = 4; lastKnownFileType = sourcecode.c.h; path = "OpenShare+Alipay.h"; sourceTree = "<group>"; };
		A55DD1A61B6807A800BD9624 /* OpenShare+Alipay.m */ = {isa = PBXFileReference; fileEncoding = 4; lastKnownFileType = sourcecode.c.objc; path = "OpenShare+Alipay.m"; sourceTree = "<group>"; };
		A55DD1A71B6807A800BD9624 /* OpenShare+Renren.h */ = {isa = PBXFileReference; fileEncoding = 4; lastKnownFileType = sourcecode.c.h; path = "OpenShare+Renren.h"; sourceTree = "<group>"; };
		A55DD1A81B6807A800BD9624 /* OpenShare+Renren.m */ = {isa = PBXFileReference; fileEncoding = 4; lastKnownFileType = sourcecode.c.objc; path = "OpenShare+Renren.m"; sourceTree = "<group>"; };
		A55DD1A91B6807A800BD9624 /* OpenShare+Weibo.h */ = {isa = PBXFileReference; fileEncoding = 4; lastKnownFileType = sourcecode.c.h; path = "OpenShare+Weibo.h"; sourceTree = "<group>"; };
		A55DD1AA1B6807A800BD9624 /* OpenShare+Weibo.m */ = {isa = PBXFileReference; fileEncoding = 4; lastKnownFileType = sourcecode.c.objc; path = "OpenShare+Weibo.m"; sourceTree = "<group>"; };
		A55DD1AB1B6807A800BD9624 /* OpenShare+Weixin.h */ = {isa = PBXFileReference; fileEncoding = 4; lastKnownFileType = sourcecode.c.h; path = "OpenShare+Weixin.h"; sourceTree = "<group>"; };
		A55DD1AC1B6807A800BD9624 /* OpenShare+Weixin.m */ = {isa = PBXFileReference; fileEncoding = 4; lastKnownFileType = sourcecode.c.objc; path = "OpenShare+Weixin.m"; sourceTree = "<group>"; };
		A56477DF1B660DBF00AFE818 /* OpenShareDemo.app */ = {isa = PBXFileReference; explicitFileType = wrapper.application; includeInIndex = 0; path = OpenShareDemo.app; sourceTree = BUILT_PRODUCTS_DIR; };
		A56477E31B660DBF00AFE818 /* Info.plist */ = {isa = PBXFileReference; lastKnownFileType = text.plist.xml; path = Info.plist; sourceTree = "<group>"; };
		A56477E41B660DBF00AFE818 /* main.m */ = {isa = PBXFileReference; lastKnownFileType = sourcecode.c.objc; path = main.m; sourceTree = "<group>"; };
		A56477E61B660DBF00AFE818 /* AppDelegate.h */ = {isa = PBXFileReference; lastKnownFileType = sourcecode.c.h; path = AppDelegate.h; sourceTree = "<group>"; };
		A56477E71B660DBF00AFE818 /* AppDelegate.m */ = {isa = PBXFileReference; lastKnownFileType = sourcecode.c.objc; path = AppDelegate.m; sourceTree = "<group>"; };
		A56477E91B660DBF00AFE818 /* ViewController.h */ = {isa = PBXFileReference; lastKnownFileType = sourcecode.c.h; path = ViewController.h; sourceTree = "<group>"; };
		A56477EA1B660DBF00AFE818 /* ViewController.m */ = {isa = PBXFileReference; lastKnownFileType = sourcecode.c.objc; path = ViewController.m; sourceTree = "<group>"; };
		A56477ED1B660DBF00AFE818 /* Base */ = {isa = PBXFileReference; lastKnownFileType = file.storyboard; name = Base; path = Base.lproj/Main.storyboard; sourceTree = "<group>"; };
		A56477EF1B660DBF00AFE818 /* Images.xcassets */ = {isa = PBXFileReference; lastKnownFileType = folder.assetcatalog; path = Images.xcassets; sourceTree = "<group>"; };
		A56477F21B660DBF00AFE818 /* Base */ = {isa = PBXFileReference; lastKnownFileType = file.xib; name = Base; path = Base.lproj/LaunchScreen.xib; sourceTree = "<group>"; };
/* End PBXFileReference section */

/* Begin PBXFrameworksBuildPhase section */
		A56477DC1B660DBF00AFE818 /* Frameworks */ = {
			isa = PBXFrameworksBuildPhase;
			buildActionMask = 2147483647;
			files = (
			);
			runOnlyForDeploymentPostprocessing = 0;
		};
/* End PBXFrameworksBuildPhase section */

/* Begin PBXGroup section */
		A508C1551D28C0F100AAF1A5 /* Vendors */ = {
			isa = PBXGroup;
			children = (
				A508C1561D28C0F100AAF1A5 /* KLCPopup */,
			);
			path = Vendors;
			sourceTree = "<group>";
		};
		A508C1561D28C0F100AAF1A5 /* KLCPopup */ = {
			isa = PBXGroup;
			children = (
				A508C1571D28C0F100AAF1A5 /* KLCPopupView.h */,
				A508C1581D28C0F100AAF1A5 /* KLCPopupView.m */,
			);
			path = KLCPopup;
			sourceTree = "<group>";
		};
		A55DD1801B68041C00BD9624 /* OpenShare */ = {
			isa = PBXGroup;
			children = (
				A55DD18D1B68041C00BD9624 /* OpenShareHeader.h */,
				A55DD18B1B68041C00BD9624 /* OpenShare.h */,
				A55DD18C1B68041C00BD9624 /* OpenShare.m */,
				A55DD1831B68041C00BD9624 /* OpenShare+QQ.h */,
				A55DD1841B68041C00BD9624 /* OpenShare+QQ.m */,
				A55DD1A51B6807A800BD9624 /* OpenShare+Alipay.h */,
				A55DD1A61B6807A800BD9624 /* OpenShare+Alipay.m */,
				A55DD1A71B6807A800BD9624 /* OpenShare+Renren.h */,
				A55DD1A81B6807A800BD9624 /* OpenShare+Renren.m */,
				A55DD1A91B6807A800BD9624 /* OpenShare+Weibo.h */,
				A55DD1AA1B6807A800BD9624 /* OpenShare+Weibo.m */,
				A55DD1AB1B6807A800BD9624 /* OpenShare+Weixin.h */,
				A55DD1AC1B6807A800BD9624 /* OpenShare+Weixin.m */,
			);
			path = OpenShare;
			sourceTree = "<group>";
		};
		A55DD18E1B68041C00BD9624 /* View */ = {
			isa = PBXGroup;
			children = (
				A508C15A1D29005C00AAF1A5 /* KXShareViewHeader.h */,
				A55DD18F1B68041C00BD9624 /* KXShareBaseActivity.h */,
				A55DD1901B68041C00BD9624 /* KXShareBaseActivity.m */,
				A55DD1911B68041C00BD9624 /* KXShareView.h */,
				A55DD1921B68041C00BD9624 /* KXShareView.m */,
				A55DD1931B68041C00BD9624 /* KXShareView.xib */,
				A55DD1941B68041C00BD9624 /* KXShareViewCell.h */,
				A55DD1951B68041C00BD9624 /* KXShareViewCell.m */,
				A55DD1961B68041C00BD9624 /* KXShareViewCell.xib */,
				A55DD1971B68041C00BD9624 /* KXShareViewFlowLayout.h */,
				A55DD1981B68041C00BD9624 /* KXShareViewFlowLayout.m */,
			);
			path = View;
			sourceTree = "<group>";
		};
		A56477D61B660DBF00AFE818 = {
			isa = PBXGroup;
			children = (
				A55DD1801B68041C00BD9624 /* OpenShare */,
				A55DD18E1B68041C00BD9624 /* View */,
				A56477E11B660DBF00AFE818 /* OpenShareDemo */,
				A56477E01B660DBF00AFE818 /* Products */,
				F31E2ECC8022D60B7B117FE9 /* Frameworks */,
			);
			sourceTree = "<group>";
		};
		A56477E01B660DBF00AFE818 /* Products */ = {
			isa = PBXGroup;
			children = (
				A56477DF1B660DBF00AFE818 /* OpenShareDemo.app */,
			);
			name = Products;
			sourceTree = "<group>";
		};
		A56477E11B660DBF00AFE818 /* OpenShareDemo */ = {
			isa = PBXGroup;
			children = (
				A56477E61B660DBF00AFE818 /* AppDelegate.h */,
				A56477E71B660DBF00AFE818 /* AppDelegate.m */,
				A56477E91B660DBF00AFE818 /* ViewController.h */,
				A56477EA1B660DBF00AFE818 /* ViewController.m */,
				A56477EC1B660DBF00AFE818 /* Main.storyboard */,
				A56477EF1B660DBF00AFE818 /* Images.xcassets */,
				A56477F11B660DBF00AFE818 /* LaunchScreen.xib */,
				A508C1551D28C0F100AAF1A5 /* Vendors */,
				A56477E21B660DBF00AFE818 /* Supporting Files */,
			);
			path = OpenShareDemo;
			sourceTree = "<group>";
		};
		A56477E21B660DBF00AFE818 /* Supporting Files */ = {
			isa = PBXGroup;
			children = (
				A56477E31B660DBF00AFE818 /* Info.plist */,
				A56477E41B660DBF00AFE818 /* main.m */,
			);
			name = "Supporting Files";
			sourceTree = "<group>";
		};
		F31E2ECC8022D60B7B117FE9 /* Frameworks */ = {
			isa = PBXGroup;
			children = (
			);
			name = Frameworks;
			sourceTree = "<group>";
		};
/* End PBXGroup section */

/* Begin PBXNativeTarget section */
		A56477DE1B660DBF00AFE818 /* OpenShareDemo */ = {
			isa = PBXNativeTarget;
			buildConfigurationList = A56478021B660DBF00AFE818 /* Build configuration list for PBXNativeTarget "OpenShareDemo" */;
			buildPhases = (
				A56477DB1B660DBF00AFE818 /* Sources */,
				A56477DC1B660DBF00AFE818 /* Frameworks */,
				A56477DD1B660DBF00AFE818 /* Resources */,
			);
			buildRules = (
			);
			dependencies = (
			);
			name = OpenShareDemo;
			productName = OpenShareDemo;
			productReference = A56477DF1B660DBF00AFE818 /* OpenShareDemo.app */;
			productType = "com.apple.product-type.application";
		};
/* End PBXNativeTarget section */

/* Begin PBXProject section */
		A56477D71B660DBF00AFE818 /* Project object */ = {
			isa = PBXProject;
			attributes = {
				LastUpgradeCheck = 0730;
				ORGANIZATIONNAME = JasioWoo;
				TargetAttributes = {
					A56477DE1B660DBF00AFE818 = {
						CreatedOnToolsVersion = 6.4;
					};
				};
			};
			buildConfigurationList = A56477DA1B660DBF00AFE818 /* Build configuration list for PBXProject "OpenShareDemo" */;
			compatibilityVersion = "Xcode 3.2";
			developmentRegion = English;
			hasScannedForEncodings = 0;
			knownRegions = (
				en,
				Base,
			);
			mainGroup = A56477D61B660DBF00AFE818;
			productRefGroup = A56477E01B660DBF00AFE818 /* Products */;
			projectDirPath = "";
			projectRoot = "";
			targets = (
				A56477DE1B660DBF00AFE818 /* OpenShareDemo */,
			);
		};
/* End PBXProject section */

/* Begin PBXResourcesBuildPhase section */
		A56477DD1B660DBF00AFE818 /* Resources */ = {
			isa = PBXResourcesBuildPhase;
			buildActionMask = 2147483647;
			files = (
				A56477EE1B660DBF00AFE818 /* Main.storyboard in Resources */,
				A56477F31B660DBF00AFE818 /* LaunchScreen.xib in Resources */,
				A55DD1A11B68041C00BD9624 /* KXShareView.xib in Resources */,
				A55DD1A31B68041C00BD9624 /* KXShareViewCell.xib in Resources */,
				A56477F01B660DBF00AFE818 /* Images.xcassets in Resources */,
			);
			runOnlyForDeploymentPostprocessing = 0;
		};
/* End PBXResourcesBuildPhase section */

/* Begin PBXSourcesBuildPhase section */
		A56477DB1B660DBF00AFE818 /* Sources */ = {
			isa = PBXSourcesBuildPhase;
			buildActionMask = 2147483647;
			files = (
				A508C1591D28C0F100AAF1A5 /* KLCPopupView.m in Sources */,
				A55DD1AE1B6807A800BD9624 /* OpenShare+Renren.m in Sources */,
				A56477EB1B660DBF00AFE818 /* ViewController.m in Sources */,
				A55DD19F1B68041C00BD9624 /* KXShareBaseActivity.m in Sources */,
				A55DD1A41B68041C00BD9624 /* KXShareViewFlowLayout.m in Sources */,
				A55DD19A1B68041C00BD9624 /* OpenShare+QQ.m in Sources */,
				A55DD19E1B68041C00BD9624 /* OpenShare.m in Sources */,
				A55DD1B01B6807A800BD9624 /* OpenShare+Weixin.m in Sources */,
				A55DD1A01B68041C00BD9624 /* KXShareView.m in Sources */,
				A56477E81B660DBF00AFE818 /* AppDelegate.m in Sources */,
				A55DD1AD1B6807A800BD9624 /* OpenShare+Alipay.m in Sources */,
				A56477E51B660DBF00AFE818 /* main.m in Sources */,
				A55DD1AF1B6807A800BD9624 /* OpenShare+Weibo.m in Sources */,
				A55DD1A21B68041C00BD9624 /* KXShareViewCell.m in Sources */,
			);
			runOnlyForDeploymentPostprocessing = 0;
		};
/* End PBXSourcesBuildPhase section */

/* Begin PBXVariantGroup section */
		A56477EC1B660DBF00AFE818 /* Main.storyboard */ = {
			isa = PBXVariantGroup;
			children = (
				A56477ED1B660DBF00AFE818 /* Base */,
			);
			name = Main.storyboard;
			sourceTree = "<group>";
		};
		A56477F11B660DBF00AFE818 /* LaunchScreen.xib */ = {
			isa = PBXVariantGroup;
			children = (
				A56477F21B660DBF00AFE818 /* Base */,
			);
			name = LaunchScreen.xib;
			sourceTree = "<group>";
		};
/* End PBXVariantGroup section */

/* Begin XCBuildConfiguration section */
		A56478001B660DBF00AFE818 /* Debug */ = {
			isa = XCBuildConfiguration;
			buildSettings = {
				ALWAYS_SEARCH_USER_PATHS = NO;
				CLANG_CXX_LANGUAGE_STANDARD = "gnu++0x";
				CLANG_CXX_LIBRARY = "libc++";
				CLANG_ENABLE_MODULES = YES;
				CLANG_ENABLE_OBJC_ARC = YES;
				CLANG_WARN_BOOL_CONVERSION = YES;
				CLANG_WARN_CONSTANT_CONVERSION = YES;
				CLANG_WARN_DIRECT_OBJC_ISA_USAGE = YES_ERROR;
				CLANG_WARN_EMPTY_BODY = YES;
				CLANG_WARN_ENUM_CONVERSION = YES;
				CLANG_WARN_INT_CONVERSION = YES;
				CLANG_WARN_OBJC_ROOT_CLASS = YES_ERROR;
				CLANG_WARN_UNREACHABLE_CODE = YES;
				CLANG_WARN__DUPLICATE_METHOD_MATCH = YES;
				"CODE_SIGN_IDENTITY[sdk=iphoneos*]" = "iPhone Developer";
				COPY_PHASE_STRIP = NO;
				DEBUG_INFORMATION_FORMAT = "dwarf-with-dsym";
				ENABLE_STRICT_OBJC_MSGSEND = YES;
				GCC_C_LANGUAGE_STANDARD = gnu99;
				GCC_DYNAMIC_NO_PIC = NO;
				GCC_NO_COMMON_BLOCKS = YES;
				GCC_OPTIMIZATION_LEVEL = 0;
				GCC_PREPROCESSOR_DEFINITIONS = (
					"DEBUG=1",
					"$(inherited)",
				);
				GCC_SYMBOLS_PRIVATE_EXTERN = NO;
				GCC_WARN_64_TO_32_BIT_CONVERSION = YES;
				GCC_WARN_ABOUT_RETURN_TYPE = YES_ERROR;
				GCC_WARN_UNDECLARED_SELECTOR = YES;
				GCC_WARN_UNINITIALIZED_AUTOS = YES_AGGRESSIVE;
				GCC_WARN_UNUSED_FUNCTION = YES;
				GCC_WARN_UNUSED_VARIABLE = YES;
				IPHONEOS_DEPLOYMENT_TARGET = 7.0;
				MTL_ENABLE_DEBUG_INFO = YES;
				ONLY_ACTIVE_ARCH = YES;
				SDKROOT = iphoneos;
				TARGETED_DEVICE_FAMILY = "1,2";
			};
			name = Debug;
		};
		A56478011B660DBF00AFE818 /* Release */ = {
			isa = XCBuildConfiguration;
			buildSettings = {
				ALWAYS_SEARCH_USER_PATHS = NO;
				CLANG_CXX_LANGUAGE_STANDARD = "gnu++0x";
				CLANG_CXX_LIBRARY = "libc++";
				CLANG_ENABLE_MODULES = YES;
				CLANG_ENABLE_OBJC_ARC = YES;
				CLANG_WARN_BOOL_CONVERSION = YES;
				CLANG_WARN_CONSTANT_CONVERSION = YES;
				CLANG_WARN_DIRECT_OBJC_ISA_USAGE = YES_ERROR;
				CLANG_WARN_EMPTY_BODY = YES;
				CLANG_WARN_ENUM_CONVERSION = YES;
				CLANG_WARN_INT_CONVERSION = YES;
				CLANG_WARN_OBJC_ROOT_CLASS = YES_ERROR;
				CLANG_WARN_UNREACHABLE_CODE = YES;
				CLANG_WARN__DUPLICATE_METHOD_MATCH = YES;
				"CODE_SIGN_IDENTITY[sdk=iphoneos*]" = "iPhone Developer";
				COPY_PHASE_STRIP = NO;
				DEBUG_INFORMATION_FORMAT = "dwarf-with-dsym";
				ENABLE_NS_ASSERTIONS = NO;
				ENABLE_STRICT_OBJC_MSGSEND = YES;
				GCC_C_LANGUAGE_STANDARD = gnu99;
				GCC_NO_COMMON_BLOCKS = YES;
				GCC_WARN_64_TO_32_BIT_CONVERSION = YES;
				GCC_WARN_ABOUT_RETURN_TYPE = YES_ERROR;
				GCC_WARN_UNDECLARED_SELECTOR = YES;
				GCC_WARN_UNINITIALIZED_AUTOS = YES_AGGRESSIVE;
				GCC_WARN_UNUSED_FUNCTION = YES;
				GCC_WARN_UNUSED_VARIABLE = YES;
				IPHONEOS_DEPLOYMENT_TARGET = 7.0;
				MTL_ENABLE_DEBUG_INFO = NO;
				SDKROOT = iphoneos;
				TARGETED_DEVICE_FAMILY = "1,2";
				VALIDATE_PRODUCT = YES;
			};
			name = Release;
		};
		A56478031B660DBF00AFE818 /* Debug */ = {
			isa = XCBuildConfiguration;
			buildSettings = {
				ASSETCATALOG_COMPILER_APPICON_NAME = AppIcon;
				ASSETCATALOG_COMPILER_LAUNCHIMAGE_NAME = LaunchImage;
				INFOPLIST_FILE = OpenShareDemo/Info.plist;
				LD_RUNPATH_SEARCH_PATHS = "$(inherited) @executable_path/Frameworks";
				PRODUCT_BUNDLE_IDENTIFIER = "com.jasio.$(PRODUCT_NAME:rfc1034identifier)";
				PRODUCT_NAME = "$(TARGET_NAME)";
			};
			name = Debug;
		};
		A56478041B660DBF00AFE818 /* Release */ = {
			isa = XCBuildConfiguration;
			buildSettings = {
				ASSETCATALOG_COMPILER_APPICON_NAME = AppIcon;
				ASSETCATALOG_COMPILER_LAUNCHIMAGE_NAME = LaunchImage;
				INFOPLIST_FILE = OpenShareDemo/Info.plist;
				LD_RUNPATH_SEARCH_PATHS = "$(inherited) @executable_path/Frameworks";
				PRODUCT_BUNDLE_IDENTIFIER = "com.jasio.$(PRODUCT_NAME:rfc1034identifier)";
				PRODUCT_NAME = "$(TARGET_NAME)";
			};
			name = Release;
		};
/* End XCBuildConfiguration section */

/* Begin XCConfigurationList section */
		A56477DA1B660DBF00AFE818 /* Build configuration list for PBXProject "OpenShareDemo" */ = {
			isa = XCConfigurationList;
			buildConfigurations = (
				A56478001B660DBF00AFE818 /* Debug */,
				A56478011B660DBF00AFE818 /* Release */,
			);
			defaultConfigurationIsVisible = 0;
			defaultConfigurationName = Release;
		};
		A56478021B660DBF00AFE818 /* Build configuration list for PBXNativeTarget "OpenShareDemo" */ = {
			isa = XCConfigurationList;
			buildConfigurations = (
				A56478031B660DBF00AFE818 /* Debug */,
				A56478041B660DBF00AFE818 /* Release */,
			);
			defaultConfigurationIsVisible = 0;
			defaultConfigurationName = Release;
		};
/* End XCConfigurationList section */
	};
	rootObject = A56477D71B660DBF00AFE818 /* Project object */;
}
