PODS:
  - KLCPopup (1.1)

DEPENDENCIES:
  - KLCPopup (from `https://github.com/jmascia/KLCPopup.git`)

EXTERNAL SOURCES:
  KLCPopup:
    :git: https://github.com/jmascia/KLCPopup.git

CHECKOUT OPTIONS:
  KLCPopup:
    :commit: ba17c211cbfa62761fddb58201f9381126ca1fe7
    :git: https://github.com/jmascia/KLCPopup.git

SPEC CHECKSUMS:
  KLCPopup: f233d3334c4808d1087ede03b3ae72fc3fc8a2aa

COCOAPODS: 0.38.2
